
Microsoft Visual Studio Solution File, Format Version 12.00
Project("{FAE04EC0-301F-11D3-BF4B-00C04F79EFBC}") = "DISS_sem_3", "DISS_sem_3\DISS_sem_3.csproj", "{4B7680E4-14BD-4CB0-B71A-7FE6B80B7B87}"
EndProject
Project("{FAE04EC0-301F-11D3-BF4B-00C04F79EFBC}") = "MainLogic", "MainLogic\MainLogic.csproj", "{B54D6B36-C781-4520-9645-CFC2E0601FA3}"
EndProject
Global
	GlobalSection(SolutionConfigurationPlatforms) = preSolution
		Debug|Any CPU = Debug|Any CPU
		Release|Any CPU = Release|Any CPU
	EndGlobalSection
	GlobalSection(ProjectConfigurationPlatforms) = postSolution
		{4B7680E4-14BD-4CB0-B71A-7FE6B80B7B87}.Debug|Any CPU.ActiveCfg = Debug|Any CPU
		{4B7680E4-14BD-4CB0-B71A-7FE6B80B7B87}.Debug|Any CPU.Build.0 = Debug|Any CPU
		{4B7680E4-14BD-4CB0-B71A-7FE6B80B7B87}.Release|Any CPU.ActiveCfg = Release|Any CPU
		{4B7680E4-14BD-4CB0-B71A-7FE6B80B7B87}.Release|Any CPU.Build.0 = Release|Any CPU
		{B54D6B36-C781-4520-9645-CFC2E0601FA3}.Debug|Any CPU.ActiveCfg = Debug|Any CPU
		{B54D6B36-C781-4520-9645-CFC2E0601FA3}.Debug|Any CPU.Build.0 = Debug|Any CPU
		{B54D6B36-C781-4520-9645-CFC2E0601FA3}.Release|Any CPU.ActiveCfg = Release|Any CPU
		{B54D6B36-C781-4520-9645-CFC2E0601FA3}.Release|Any CPU.Build.0 = Release|Any CPU
	EndGlobalSection
EndGlobal
